// !$*UTF8*$!
{
	archiveVersion = 1;
	classes = {
	};
	objectVersion = 46;
	objects = {

/* Begin PBXBuildFile section */
		68315B3A1D6A561600BE7036 /* AboutCode.swift in Sources */ = {isa = PBXBuildFile; fileRef = 68315B391D6A561600BE7036 /* AboutCode.swift */; };
		68315B3C1D6A5EEA00BE7036 /* FXCalcCode.swift in Sources */ = {isa = PBXBuildFile; fileRef = 68315B3B1D6A5EE900BE7036 /* FXCalcCode.swift */; };
		6839E79E1D610DC5005ED3FA /* ReservesCode.swift in Sources */ = {isa = PBXBuildFile; fileRef = 6839E79D1D610DC5005ED3FA /* ReservesCode.swift */; };
		68589DC31D65563400ECBC3E /* Utils.swift in Sources */ = {isa = PBXBuildFile; fileRef = 68589DC21D65563400ECBC3E /* Utils.swift */; };
		685D86B01D629DA500F7FC42 /* OilCode.swift in Sources */ = {isa = PBXBuildFile; fileRef = 685D86AF1D629DA500F7FC42 /* OilCode.swift */; };
		68652D411D67DB9500049CBC /* Notes.swift in Sources */ = {isa = PBXBuildFile; fileRef = 68652D401D67DB9500049CBC /* Notes.swift */; };
		68814A151D67180A002B88AF /* Images.xcassets in Resources */ = {isa = PBXBuildFile; fileRef = 68814A141D67180A002B88AF /* Images.xcassets */; };
		68B1BF031D6C47C800DC02C5 /* FXdata.json in Resources */ = {isa = PBXBuildFile; fileRef = 68B1BF021D6C47C800DC02C5 /* FXdata.json */; };
		68B1BF051D6C4BC300DC02C5 /* ResData.json in Resources */ = {isa = PBXBuildFile; fileRef = 68B1BF041D6C4BC300DC02C5 /* ResData.json */; };
		68B1BF071D6C4CDB00DC02C5 /* OilData.json in Resources */ = {isa = PBXBuildFile; fileRef = 68B1BF061D6C4CDB00DC02C5 /* OilData.json */; };
		68B1BF0D1D6C4E2F00DC02C5 /* M2Data.json in Resources */ = {isa = PBXBuildFile; fileRef = 68B1BF0C1D6C4E2F00DC02C5 /* M2Data.json */; };
		68B1BF111D6C53EA00DC02C5 /* InfData.json in Resources */ = {isa = PBXBuildFile; fileRef = 68B1BF101D6C53EA00DC02C5 /* InfData.json */; };
		68B1BF131D6C6C6B00DC02C5 /* CrudeProductionData.json in Resources */ = {isa = PBXBuildFile; fileRef = 68B1BF121D6C6C6B00DC02C5 /* CrudeProductionData.json */; };
		68B1BF151D6C6D9200DC02C5 /* USOilData.json in Resources */ = {isa = PBXBuildFile; fileRef = 68B1BF141D6C6D9200DC02C5 /* USOilData.json */; };
		68B867E61D63B73800309C56 /* M2Code.swift in Sources */ = {isa = PBXBuildFile; fileRef = 68B867E51D63B73800309C56 /* M2Code.swift */; };
		68B867E81D63C0B500309C56 /* MinWageCode.swift in Sources */ = {isa = PBXBuildFile; fileRef = 68B867E71D63C0B500309C56 /* MinWageCode.swift */; };
		68B867EA1D63D0A600309C56 /* InflationCode.swift in Sources */ = {isa = PBXBuildFile; fileRef = 68B867E91D63D0A600309C56 /* InflationCode.swift */; };
		68D3DB971D593AA600F42648 /* AppDelegate.swift in Sources */ = {isa = PBXBuildFile; fileRef = 68D3DB961D593AA600F42648 /* AppDelegate.swift */; };
		68D3DB991D593AA600F42648 /* FXCode.swift in Sources */ = {isa = PBXBuildFile; fileRef = 68D3DB981D593AA600F42648 /* FXCode.swift */; };
		68D3DB9C1D593AA600F42648 /* Main.storyboard in Resources */ = {isa = PBXBuildFile; fileRef = 68D3DB9A1D593AA600F42648 /* Main.storyboard */; };
		68D3DBA11D593AA600F42648 /* LaunchScreen.storyboard in Resources */ = {isa = PBXBuildFile; fileRef = 68D3DB9F1D593AA600F42648 /* LaunchScreen.storyboard */; };
		68D3DBAC1D593AA700F42648 /* VenEcon2Tests.swift in Sources */ = {isa = PBXBuildFile; fileRef = 68D3DBAB1D593AA700F42648 /* VenEcon2Tests.swift */; };
		68D3DBBA1D593AFF00F42648 /* ENSideMenu.swift in Sources */ = {isa = PBXBuildFile; fileRef = 68D3DBB61D593AFF00F42648 /* ENSideMenu.swift */; };
		68D3DBBB1D593AFF00F42648 /* ENSideMenuNavigationController.swift in Sources */ = {isa = PBXBuildFile; fileRef = 68D3DBB71D593AFF00F42648 /* ENSideMenuNavigationController.swift */; };
		68D3DBBC1D593AFF00F42648 /* MyMenuTableViewController.swift in Sources */ = {isa = PBXBuildFile; fileRef = 68D3DBB81D593AFF00F42648 /* MyMenuTableViewController.swift */; };
		68D3DBBD1D593AFF00F42648 /* MyNavigationController.swift in Sources */ = {isa = PBXBuildFile; fileRef = 68D3DBB91D593AFF00F42648 /* MyNavigationController.swift */; };
		68D3DBBF1D593D4D00F42648 /* ShinobiCharts.framework in Frameworks */ = {isa = PBXBuildFile; fileRef = 68D3DBBE1D593D4D00F42648 /* ShinobiCharts.framework */; };
		68D3DBC11D593E4200F42648 /* libc++.tbd in Frameworks */ = {isa = PBXBuildFile; fileRef = 68D3DBC01D593E4200F42648 /* libc++.tbd */; };
		68E16F861D69157E00CD8DA1 /* USoilCode.swift in Sources */ = {isa = PBXBuildFile; fileRef = 68E16F851D69157E00CD8DA1 /* USoilCode.swift */; };
		68E505A41D6A054D0017B885 /* CrudeProductionCode.swift in Sources */ = {isa = PBXBuildFile; fileRef = 68E505A31D6A054D0017B885 /* CrudeProductionCode.swift */; };
/* End PBXBuildFile section */

/* Begin PBXContainerItemProxy section */
		68D3DBA81D593AA700F42648 /* PBXContainerItemProxy */ = {
			isa = PBXContainerItemProxy;
			containerPortal = 68D3DB8B1D593AA600F42648 /* Project object */;
			proxyType = 1;
			remoteGlobalIDString = 68D3DB921D593AA600F42648;
			remoteInfo = VenEcon2;
		};
/* End PBXContainerItemProxy section */

/* Begin PBXFileReference section */
		68315B391D6A561600BE7036 /* AboutCode.swift */ = {isa = PBXFileReference; fileEncoding = 4; lastKnownFileType = sourcecode.swift; path = AboutCode.swift; sourceTree = "<group>"; };
		68315B3B1D6A5EE900BE7036 /* FXCalcCode.swift */ = {isa = PBXFileReference; fileEncoding = 4; lastKnownFileType = sourcecode.swift; path = FXCalcCode.swift; sourceTree = "<group>"; };
		6839E79D1D610DC5005ED3FA /* ReservesCode.swift */ = {isa = PBXFileReference; fileEncoding = 4; lastKnownFileType = sourcecode.swift; path = ReservesCode.swift; sourceTree = "<group>"; };
		68589DC21D65563400ECBC3E /* Utils.swift */ = {isa = PBXFileReference; fileEncoding = 4; lastKnownFileType = sourcecode.swift; path = Utils.swift; sourceTree = "<group>"; };
		685D86AF1D629DA500F7FC42 /* OilCode.swift */ = {isa = PBXFileReference; fileEncoding = 4; lastKnownFileType = sourcecode.swift; path = OilCode.swift; sourceTree = "<group>"; };
		68652D401D67DB9500049CBC /* Notes.swift */ = {isa = PBXFileReference; fileEncoding = 4; lastKnownFileType = sourcecode.swift; path = Notes.swift; sourceTree = "<group>"; };
		68814A141D67180A002B88AF /* Images.xcassets */ = {isa = PBXFileReference; lastKnownFileType = folder.assetcatalog; path = Images.xcassets; sourceTree = "<group>"; };
		68B1BF021D6C47C800DC02C5 /* FXdata.json */ = {isa = PBXFileReference; fileEncoding = 4; lastKnownFileType = text.json; path = FXdata.json; sourceTree = "<group>"; };
		68B1BF041D6C4BC300DC02C5 /* ResData.json */ = {isa = PBXFileReference; fileEncoding = 4; lastKnownFileType = text.json; path = ResData.json; sourceTree = "<group>"; };
		68B1BF061D6C4CDB00DC02C5 /* OilData.json */ = {isa = PBXFileReference; fileEncoding = 4; lastKnownFileType = text.json; path = OilData.json; sourceTree = "<group>"; };
		68B1BF0C1D6C4E2F00DC02C5 /* M2Data.json */ = {isa = PBXFileReference; fileEncoding = 4; lastKnownFileType = text.json; path = M2Data.json; sourceTree = "<group>"; };
		68B1BF101D6C53EA00DC02C5 /* InfData.json */ = {isa = PBXFileReference; fileEncoding = 4; lastKnownFileType = text.json; path = InfData.json; sourceTree = "<group>"; };
		68B1BF121D6C6C6B00DC02C5 /* CrudeProductionData.json */ = {isa = PBXFileReference; fileEncoding = 4; lastKnownFileType = text.json; path = CrudeProductionData.json; sourceTree = "<group>"; };
		68B1BF141D6C6D9200DC02C5 /* USOilData.json */ = {isa = PBXFileReference; fileEncoding = 4; lastKnownFileType = text.json; path = USOilData.json; sourceTree = "<group>"; };
		68B867E51D63B73800309C56 /* M2Code.swift */ = {isa = PBXFileReference; fileEncoding = 4; lastKnownFileType = sourcecode.swift; path = M2Code.swift; sourceTree = "<group>"; };
		68B867E71D63C0B500309C56 /* MinWageCode.swift */ = {isa = PBXFileReference; fileEncoding = 4; lastKnownFileType = sourcecode.swift; path = MinWageCode.swift; sourceTree = "<group>"; };
		68B867E91D63D0A600309C56 /* InflationCode.swift */ = {isa = PBXFileReference; fileEncoding = 4; lastKnownFileType = sourcecode.swift; path = InflationCode.swift; sourceTree = "<group>"; };
		68D3DB931D593AA600F42648 /* VenEcon2.app */ = {isa = PBXFileReference; explicitFileType = wrapper.application; includeInIndex = 0; path = VenEcon2.app; sourceTree = BUILT_PRODUCTS_DIR; };
		68D3DB961D593AA600F42648 /* AppDelegate.swift */ = {isa = PBXFileReference; lastKnownFileType = sourcecode.swift; path = AppDelegate.swift; sourceTree = "<group>"; };
		68D3DB981D593AA600F42648 /* FXCode.swift */ = {isa = PBXFileReference; lastKnownFileType = sourcecode.swift; path = FXCode.swift; sourceTree = "<group>"; };
		68D3DB9B1D593AA600F42648 /* Base */ = {isa = PBXFileReference; lastKnownFileType = file.storyboard; name = Base; path = Base.lproj/Main.storyboard; sourceTree = "<group>"; };
		68D3DBA01D593AA600F42648 /* Base */ = {isa = PBXFileReference; lastKnownFileType = file.storyboard; name = Base; path = Base.lproj/LaunchScreen.storyboard; sourceTree = "<group>"; };
		68D3DBA21D593AA600F42648 /* Info.plist */ = {isa = PBXFileReference; lastKnownFileType = text.plist.xml; path = Info.plist; sourceTree = "<group>"; };
		68D3DBA71D593AA700F42648 /* VenEcon2Tests.xctest */ = {isa = PBXFileReference; explicitFileType = wrapper.cfbundle; includeInIndex = 0; path = VenEcon2Tests.xctest; sourceTree = BUILT_PRODUCTS_DIR; };
		68D3DBAB1D593AA700F42648 /* VenEcon2Tests.swift */ = {isa = PBXFileReference; lastKnownFileType = sourcecode.swift; path = VenEcon2Tests.swift; sourceTree = "<group>"; };
		68D3DBAD1D593AA700F42648 /* Info.plist */ = {isa = PBXFileReference; lastKnownFileType = text.plist.xml; path = Info.plist; sourceTree = "<group>"; };
		68D3DBB61D593AFF00F42648 /* ENSideMenu.swift */ = {isa = PBXFileReference; fileEncoding = 4; lastKnownFileType = sourcecode.swift; path = ENSideMenu.swift; sourceTree = "<group>"; };
		68D3DBB71D593AFF00F42648 /* ENSideMenuNavigationController.swift */ = {isa = PBXFileReference; fileEncoding = 4; lastKnownFileType = sourcecode.swift; path = ENSideMenuNavigationController.swift; sourceTree = "<group>"; };
		68D3DBB81D593AFF00F42648 /* MyMenuTableViewController.swift */ = {isa = PBXFileReference; fileEncoding = 4; lastKnownFileType = sourcecode.swift; path = MyMenuTableViewController.swift; sourceTree = "<group>"; };
		68D3DBB91D593AFF00F42648 /* MyNavigationController.swift */ = {isa = PBXFileReference; fileEncoding = 4; lastKnownFileType = sourcecode.swift; path = MyNavigationController.swift; sourceTree = "<group>"; };
		68D3DBBE1D593D4D00F42648 /* ShinobiCharts.framework */ = {isa = PBXFileReference; lastKnownFileType = wrapper.framework; name = ShinobiCharts.framework; path = VenEcon2/ShinobiCharts.framework; sourceTree = "<group>"; };
		68D3DBC01D593E4200F42648 /* libc++.tbd */ = {isa = PBXFileReference; lastKnownFileType = "sourcecode.text-based-dylib-definition"; name = "libc++.tbd"; path = "usr/lib/libc++.tbd"; sourceTree = SDKROOT; };
		68E16F851D69157E00CD8DA1 /* USoilCode.swift */ = {isa = PBXFileReference; fileEncoding = 4; lastKnownFileType = sourcecode.swift; path = USoilCode.swift; sourceTree = "<group>"; };
		68E505A31D6A054D0017B885 /* CrudeProductionCode.swift */ = {isa = PBXFileReference; fileEncoding = 4; lastKnownFileType = sourcecode.swift; path = CrudeProductionCode.swift; sourceTree = "<group>"; };
/* End PBXFileReference section */

/* Begin PBXFrameworksBuildPhase section */
		68D3DB901D593AA600F42648 /* Frameworks */ = {
			isa = PBXFrameworksBuildPhase;
			buildActionMask = 2147483647;
			files = (
				68D3DBC11D593E4200F42648 /* libc++.tbd in Frameworks */,
				68D3DBBF1D593D4D00F42648 /* ShinobiCharts.framework in Frameworks */,
			);
			runOnlyForDeploymentPostprocessing = 0;
		};
		68D3DBA41D593AA700F42648 /* Frameworks */ = {
			isa = PBXFrameworksBuildPhase;
			buildActionMask = 2147483647;
			files = (
			);
			runOnlyForDeploymentPostprocessing = 0;
		};
/* End PBXFrameworksBuildPhase section */

/* Begin PBXGroup section */
		68D3DB8A1D593AA600F42648 = {
			isa = PBXGroup;
			children = (
				68D3DBC01D593E4200F42648 /* libc++.tbd */,
				68D3DB951D593AA600F42648 /* VenEcon2 */,
				68D3DBAA1D593AA700F42648 /* VenEcon2Tests */,
				68D3DB941D593AA600F42648 /* Products */,
				68D3DBBE1D593D4D00F42648 /* ShinobiCharts.framework */,
			);
			sourceTree = "<group>";
		};
		68D3DB941D593AA600F42648 /* Products */ = {
			isa = PBXGroup;
			children = (
				68D3DB931D593AA600F42648 /* VenEcon2.app */,
				68D3DBA71D593AA700F42648 /* VenEcon2Tests.xctest */,
			);
			name = Products;
			sourceTree = "<group>";
		};
		68D3DB951D593AA600F42648 /* VenEcon2 */ = {
			isa = PBXGroup;
			children = (
				68652D401D67DB9500049CBC /* Notes.swift */,
				68D3DB961D593AA600F42648 /* AppDelegate.swift */,
				68589DC21D65563400ECBC3E /* Utils.swift */,
				68D3DB981D593AA600F42648 /* FXCode.swift */,
				68B1BF021D6C47C800DC02C5 /* FXdata.json */,
				68315B3B1D6A5EE900BE7036 /* FXCalcCode.swift */,
				6839E79D1D610DC5005ED3FA /* ReservesCode.swift */,
				68B1BF041D6C4BC300DC02C5 /* ResData.json */,
				685D86AF1D629DA500F7FC42 /* OilCode.swift */,
				68B1BF061D6C4CDB00DC02C5 /* OilData.json */,
				68B867E91D63D0A600309C56 /* InflationCode.swift */,
				68B1BF101D6C53EA00DC02C5 /* InfData.json */,
				68B867E51D63B73800309C56 /* M2Code.swift */,
				68B1BF0C1D6C4E2F00DC02C5 /* M2Data.json */,
				68B867E71D63C0B500309C56 /* MinWageCode.swift */,
				68E505A31D6A054D0017B885 /* CrudeProductionCode.swift */,
				68B1BF121D6C6C6B00DC02C5 /* CrudeProductionData.json */,
				68E16F851D69157E00CD8DA1 /* USoilCode.swift */,
				68B1BF141D6C6D9200DC02C5 /* USOilData.json */,
				68D3DBB61D593AFF00F42648 /* ENSideMenu.swift */,
				68D3DBB71D593AFF00F42648 /* ENSideMenuNavigationController.swift */,
				68D3DBB81D593AFF00F42648 /* MyMenuTableViewController.swift */,
				68D3DBB91D593AFF00F42648 /* MyNavigationController.swift */,
				68D3DB9A1D593AA600F42648 /* Main.storyboard */,
				68315B391D6A561600BE7036 /* AboutCode.swift */,
				68D3DB9F1D593AA600F42648 /* LaunchScreen.storyboard */,
				68D3DBA21D593AA600F42648 /* Info.plist */,
				68814A141D67180A002B88AF /* Images.xcassets */,
			);
			path = VenEcon2;
			sourceTree = "<group>";
		};
		68D3DBAA1D593AA700F42648 /* VenEcon2Tests */ = {
			isa = PBXGroup;
			children = (
				68D3DBAB1D593AA700F42648 /* VenEcon2Tests.swift */,
				68D3DBAD1D593AA700F42648 /* Info.plist */,
			);
			path = VenEcon2Tests;
			sourceTree = "<group>";
		};
/* End PBXGroup section */

/* Begin PBXNativeTarget section */
		68D3DB921D593AA600F42648 /* VenEcon2 */ = {
			isa = PBXNativeTarget;
			buildConfigurationList = 68D3DBB01D593AA700F42648 /* Build configuration list for PBXNativeTarget "VenEcon2" */;
			buildPhases = (
				68D3DB8F1D593AA600F42648 /* Sources */,
				68D3DB901D593AA600F42648 /* Frameworks */,
				68D3DB911D593AA600F42648 /* Resources */,
			);
			buildRules = (
			);
			dependencies = (
			);
			name = VenEcon2;
			productName = VenEcon2;
			productReference = 68D3DB931D593AA600F42648 /* VenEcon2.app */;
			productType = "com.apple.product-type.application";
		};
		68D3DBA61D593AA700F42648 /* VenEcon2Tests */ = {
			isa = PBXNativeTarget;
			buildConfigurationList = 68D3DBB31D593AA700F42648 /* Build configuration list for PBXNativeTarget "VenEcon2Tests" */;
			buildPhases = (
				68D3DBA31D593AA700F42648 /* Sources */,
				68D3DBA41D593AA700F42648 /* Frameworks */,
				68D3DBA51D593AA700F42648 /* Resources */,
			);
			buildRules = (
			);
			dependencies = (
				68D3DBA91D593AA700F42648 /* PBXTargetDependency */,
			);
			name = VenEcon2Tests;
			productName = VenEcon2Tests;
			productReference = 68D3DBA71D593AA700F42648 /* VenEcon2Tests.xctest */;
			productType = "com.apple.product-type.bundle.unit-test";
		};
/* End PBXNativeTarget section */

/* Begin PBXProject section */
		68D3DB8B1D593AA600F42648 /* Project object */ = {
			isa = PBXProject;
			attributes = {
				LastSwiftUpdateCheck = 0730;
				LastUpgradeCheck = 0730;
				ORGANIZATIONNAME = "Girish Gupta";
				TargetAttributes = {
					68D3DB921D593AA600F42648 = {
						CreatedOnToolsVersion = 7.3.1;
						DevelopmentTeam = 82R2WDARJW;
					};
					68D3DBA61D593AA700F42648 = {
						CreatedOnToolsVersion = 7.3.1;
						TestTargetID = 68D3DB921D593AA600F42648;
					};
				};
			};
			buildConfigurationList = 68D3DB8E1D593AA600F42648 /* Build configuration list for PBXProject "VenEcon2" */;
			compatibilityVersion = "Xcode 3.2";
			developmentRegion = English;
			hasScannedForEncodings = 0;
			knownRegions = (
				en,
				Base,
			);
			mainGroup = 68D3DB8A1D593AA600F42648;
			productRefGroup = 68D3DB941D593AA600F42648 /* Products */;
			projectDirPath = "";
			projectRoot = "";
			targets = (
				68D3DB921D593AA600F42648 /* VenEcon2 */,
				68D3DBA61D593AA700F42648 /* VenEcon2Tests */,
			);
		};
/* End PBXProject section */

/* Begin PBXResourcesBuildPhase section */
		68D3DB911D593AA600F42648 /* Resources */ = {
			isa = PBXResourcesBuildPhase;
			buildActionMask = 2147483647;
			files = (
				68B1BF151D6C6D9200DC02C5 /* USOilData.json in Resources */,
				68814A151D67180A002B88AF /* Images.xcassets in Resources */,
				68D3DBA11D593AA600F42648 /* LaunchScreen.storyboard in Resources */,
				68D3DB9C1D593AA600F42648 /* Main.storyboard in Resources */,
				68B1BF031D6C47C800DC02C5 /* FXdata.json in Resources */,
				68B1BF111D6C53EA00DC02C5 /* InfData.json in Resources */,
				68B1BF071D6C4CDB00DC02C5 /* OilData.json in Resources */,
				68B1BF0D1D6C4E2F00DC02C5 /* M2Data.json in Resources */,
				68B1BF051D6C4BC300DC02C5 /* ResData.json in Resources */,
				68B1BF131D6C6C6B00DC02C5 /* CrudeProductionData.json in Resources */,
			);
			runOnlyForDeploymentPostprocessing = 0;
		};
		68D3DBA51D593AA700F42648 /* Resources */ = {
			isa = PBXResourcesBuildPhase;
			buildActionMask = 2147483647;
			files = (
			);
			runOnlyForDeploymentPostprocessing = 0;
		};
/* End PBXResourcesBuildPhase section */

/* Begin PBXSourcesBuildPhase section */
		68D3DB8F1D593AA600F42648 /* Sources */ = {
			isa = PBXSourcesBuildPhase;
			buildActionMask = 2147483647;
			files = (
				68315B3A1D6A561600BE7036 /* AboutCode.swift in Sources */,
				68D3DBBB1D593AFF00F42648 /* ENSideMenuNavigationController.swift in Sources */,
				68652D411D67DB9500049CBC /* Notes.swift in Sources */,
				68D3DBBC1D593AFF00F42648 /* MyMenuTableViewController.swift in Sources */,
				68D3DBBA1D593AFF00F42648 /* ENSideMenu.swift in Sources */,
				68E16F861D69157E00CD8DA1 /* USoilCode.swift in Sources */,
				68D3DBBD1D593AFF00F42648 /* MyNavigationController.swift in Sources */,
				68E505A41D6A054D0017B885 /* CrudeProductionCode.swift in Sources */,
				68D3DB991D593AA600F42648 /* FXCode.swift in Sources */,
				68B867E81D63C0B500309C56 /* MinWageCode.swift in Sources */,
				68B867EA1D63D0A600309C56 /* InflationCode.swift in Sources */,
				6839E79E1D610DC5005ED3FA /* ReservesCode.swift in Sources */,
				68315B3C1D6A5EEA00BE7036 /* FXCalcCode.swift in Sources */,
				68589DC31D65563400ECBC3E /* Utils.swift in Sources */,
				68B867E61D63B73800309C56 /* M2Code.swift in Sources */,
				68D3DB971D593AA600F42648 /* AppDelegate.swift in Sources */,
				685D86B01D629DA500F7FC42 /* OilCode.swift in Sources */,
			);
			runOnlyForDeploymentPostprocessing = 0;
		};
		68D3DBA31D593AA700F42648 /* Sources */ = {
			isa = PBXSourcesBuildPhase;
			buildActionMask = 2147483647;
			files = (
				68D3DBAC1D593AA700F42648 /* VenEcon2Tests.swift in Sources */,
			);
			runOnlyForDeploymentPostprocessing = 0;
		};
/* End PBXSourcesBuildPhase section */

/* Begin PBXTargetDependency section */
		68D3DBA91D593AA700F42648 /* PBXTargetDependency */ = {
			isa = PBXTargetDependency;
			target = 68D3DB921D593AA600F42648 /* VenEcon2 */;
			targetProxy = 68D3DBA81D593AA700F42648 /* PBXContainerItemProxy */;
		};
/* End PBXTargetDependency section */

/* Begin PBXVariantGroup section */
		68D3DB9A1D593AA600F42648 /* Main.storyboard */ = {
			isa = PBXVariantGroup;
			children = (
				68D3DB9B1D593AA600F42648 /* Base */,
			);
			name = Main.storyboard;
			sourceTree = "<group>";
		};
		68D3DB9F1D593AA600F42648 /* LaunchScreen.storyboard */ = {
			isa = PBXVariantGroup;
			children = (
				68D3DBA01D593AA600F42648 /* Base */,
			);
			name = LaunchScreen.storyboard;
			sourceTree = "<group>";
		};
/* End PBXVariantGroup section */

/* Begin XCBuildConfiguration section */
		68D3DBAE1D593AA700F42648 /* Debug */ = {
			isa = XCBuildConfiguration;
			buildSettings = {
				ALWAYS_SEARCH_USER_PATHS = NO;
				CLANG_ANALYZER_NONNULL = YES;
				CLANG_CXX_LANGUAGE_STANDARD = "gnu++0x";
				CLANG_CXX_LIBRARY = "libc++";
				CLANG_ENABLE_MODULES = YES;
				CLANG_ENABLE_OBJC_ARC = YES;
				CLANG_WARN_BOOL_CONVERSION = YES;
				CLANG_WARN_CONSTANT_CONVERSION = YES;
				CLANG_WARN_DIRECT_OBJC_ISA_USAGE = YES_ERROR;
				CLANG_WARN_EMPTY_BODY = YES;
				CLANG_WARN_ENUM_CONVERSION = YES;
				CLANG_WARN_INT_CONVERSION = YES;
				CLANG_WARN_OBJC_ROOT_CLASS = YES_ERROR;
				CLANG_WARN_UNREACHABLE_CODE = YES;
				CLANG_WARN__DUPLICATE_METHOD_MATCH = YES;
				"CODE_SIGN_IDENTITY[sdk=iphoneos*]" = "iPhone Developer";
				COPY_PHASE_STRIP = NO;
				DEBUG_INFORMATION_FORMAT = dwarf;
				ENABLE_STRICT_OBJC_MSGSEND = YES;
				ENABLE_TESTABILITY = YES;
				GCC_C_LANGUAGE_STANDARD = gnu99;
				GCC_DYNAMIC_NO_PIC = NO;
				GCC_NO_COMMON_BLOCKS = YES;
				GCC_OPTIMIZATION_LEVEL = 0;
				GCC_PREPROCESSOR_DEFINITIONS = (
					"DEBUG=1",
					"$(inherited)",
				);
				GCC_WARN_64_TO_32_BIT_CONVERSION = YES;
				GCC_WARN_ABOUT_RETURN_TYPE = YES_ERROR;
				GCC_WARN_UNDECLARED_SELECTOR = YES;
				GCC_WARN_UNINITIALIZED_AUTOS = YES_AGGRESSIVE;
				GCC_WARN_UNUSED_FUNCTION = YES;
				GCC_WARN_UNUSED_VARIABLE = YES;
				IPHONEOS_DEPLOYMENT_TARGET = 9.3;
				MTL_ENABLE_DEBUG_INFO = YES;
				ONLY_ACTIVE_ARCH = YES;
				PRODUCT_NAME = "";
				SDKROOT = iphoneos;
				SWIFT_OPTIMIZATION_LEVEL = "-Onone";
				TARGETED_DEVICE_FAMILY = "1,2";
			};
			name = Debug;
		};
		68D3DBAF1D593AA700F42648 /* Release */ = {
			isa = XCBuildConfiguration;
			buildSettings = {
				ALWAYS_SEARCH_USER_PATHS = NO;
				CLANG_ANALYZER_NONNULL = YES;
				CLANG_CXX_LANGUAGE_STANDARD = "gnu++0x";
				CLANG_CXX_LIBRARY = "libc++";
				CLANG_ENABLE_MODULES = YES;
				CLANG_ENABLE_OBJC_ARC = YES;
				CLANG_WARN_BOOL_CONVERSION = YES;
				CLANG_WARN_CONSTANT_CONVERSION = YES;
				CLANG_WARN_DIRECT_OBJC_ISA_USAGE = YES_ERROR;
				CLANG_WARN_EMPTY_BODY = YES;
				CLANG_WARN_ENUM_CONVERSION = YES;
				CLANG_WARN_INT_CONVERSION = YES;
				CLANG_WARN_OBJC_ROOT_CLASS = YES_ERROR;
				CLANG_WARN_UNREACHABLE_CODE = YES;
				CLANG_WARN__DUPLICATE_METHOD_MATCH = YES;
				"CODE_SIGN_IDENTITY[sdk=iphoneos*]" = "iPhone Developer";
				COPY_PHASE_STRIP = NO;
				DEBUG_INFORMATION_FORMAT = "dwarf-with-dsym";
				ENABLE_NS_ASSERTIONS = NO;
				ENABLE_STRICT_OBJC_MSGSEND = YES;
				GCC_C_LANGUAGE_STANDARD = gnu99;
				GCC_NO_COMMON_BLOCKS = YES;
				GCC_WARN_64_TO_32_BIT_CONVERSION = YES;
				GCC_WARN_ABOUT_RETURN_TYPE = YES_ERROR;
				GCC_WARN_UNDECLARED_SELECTOR = YES;
				GCC_WARN_UNINITIALIZED_AUTOS = YES_AGGRESSIVE;
				GCC_WARN_UNUSED_FUNCTION = YES;
				GCC_WARN_UNUSED_VARIABLE = YES;
				IPHONEOS_DEPLOYMENT_TARGET = 9.3;
				MTL_ENABLE_DEBUG_INFO = NO;
				PRODUCT_NAME = "";
				SDKROOT = iphoneos;
				TARGETED_DEVICE_FAMILY = "1,2";
				VALIDATE_PRODUCT = YES;
			};
			name = Release;
		};
		68D3DBB11D593AA700F42648 /* Debug */ = {
			isa = XCBuildConfiguration;
			buildSettings = {
				ASSETCATALOG_COMPILER_APPICON_NAME = AppIcon;
				CODE_SIGN_IDENTITY = "iPhone Developer";
				FRAMEWORK_SEARCH_PATHS = (
					"$(inherited)",
					"$(PROJECT_DIR)/VenEcon2",
				);
				INFOPLIST_FILE = VenEcon2/Info.plist;
				LD_RUNPATH_SEARCH_PATHS = "$(inherited) @executable_path/Frameworks";
				PRODUCT_BUNDLE_IDENTIFIER = com.girish.VenEcon;
				PRODUCT_NAME = "$(TARGET_NAME)";
				SWIFT_OBJC_BRIDGING_HEADER = "VenEcon2/ShinobiCharts.framework/Headers/ShinobiChart-Bridging-Header.h";
			};
			name = Debug;
		};
		68D3DBB21D593AA700F42648 /* Release */ = {
			isa = XCBuildConfiguration;
			buildSettings = {
				ASSETCATALOG_COMPILER_APPICON_NAME = AppIcon;
				CODE_SIGN_IDENTITY = "iPhone Developer";
				FRAMEWORK_SEARCH_PATHS = (
					"$(inherited)",
					"$(PROJECT_DIR)/VenEcon2",
				);
				INFOPLIST_FILE = VenEcon2/Info.plist;
				LD_RUNPATH_SEARCH_PATHS = "$(inherited) @executable_path/Frameworks";
				PRODUCT_BUNDLE_IDENTIFIER = com.girish.VenEcon;
				PRODUCT_NAME = "$(TARGET_NAME)";
				SWIFT_OBJC_BRIDGING_HEADER = "VenEcon2/ShinobiCharts.framework/Headers/ShinobiChart-Bridging-Header.h";
			};
			name = Release;
		};
		68D3DBB41D593AA700F42648 /* Debug */ = {
			isa = XCBuildConfiguration;
			buildSettings = {
				BUNDLE_LOADER = "$(TEST_HOST)";
				INFOPLIST_FILE = VenEcon2Tests/Info.plist;
				LD_RUNPATH_SEARCH_PATHS = "$(inherited) @executable_path/Frameworks @loader_path/Frameworks";
				PRODUCT_BUNDLE_IDENTIFIER = com.example.VenEcon2Tests;
				PRODUCT_NAME = "$(TARGET_NAME)";
				TEST_HOST = "$(BUILT_PRODUCTS_DIR)/VenEcon2.app/VenEcon2";
			};
			name = Debug;
		};
		68D3DBB51D593AA700F42648 /* Release */ = {
			isa = XCBuildConfiguration;
			buildSettings = {
				BUNDLE_LOADER = "$(TEST_HOST)";
				INFOPLIST_FILE = VenEcon2Tests/Info.plist;
				LD_RUNPATH_SEARCH_PATHS = "$(inherited) @executable_path/Frameworks @loader_path/Frameworks";
				PRODUCT_BUNDLE_IDENTIFIER = com.example.VenEcon2Tests;
				PRODUCT_NAME = "$(TARGET_NAME)";
				TEST_HOST = "$(BUILT_PRODUCTS_DIR)/VenEcon2.app/VenEcon2";
			};
			name = Release;
		};
/* End XCBuildConfiguration section */

/* Begin XCConfigurationList section */
		68D3DB8E1D593AA600F42648 /* Build configuration list for PBXProject "VenEcon2" */ = {
			isa = XCConfigurationList;
			buildConfigurations = (
				68D3DBAE1D593AA700F42648 /* Debug */,
				68D3DBAF1D593AA700F42648 /* Release */,
			);
			defaultConfigurationIsVisible = 0;
			defaultConfigurationName = Release;
		};
		68D3DBB01D593AA700F42648 /* Build configuration list for PBXNativeTarget "VenEcon2" */ = {
			isa = XCConfigurationList;
			buildConfigurations = (
				68D3DBB11D593AA700F42648 /* Debug */,
				68D3DBB21D593AA700F42648 /* Release */,
			);
			defaultConfigurationIsVisible = 0;
			defaultConfigurationName = Release;
		};
		68D3DBB31D593AA700F42648 /* Build configuration list for PBXNativeTarget "VenEcon2Tests" */ = {
			isa = XCConfigurationList;
			buildConfigurations = (
				68D3DBB41D593AA700F42648 /* Debug */,
				68D3DBB51D593AA700F42648 /* Release */,
			);
			defaultConfigurationIsVisible = 0;
			defaultConfigurationName = Release;
		};
/* End XCConfigurationList section */
	};
	rootObject = 68D3DB8B1D593AA600F42648 /* Project object */;
}
